<?xml version="1.0" encoding="utf-8"?>
<Project ToolsVersion="4.0" xmlns="http://schemas.microsoft.com/developer/msbuild/2003">
  <ItemGroup>
    <Filter Include="Array">
      <UniqueIdentifier>{78ff55de-a494-48c2-80c7-6ef6a32c57b6}</UniqueIdentifier>
    </Filter>
    <Filter Include="Puntero">
      <UniqueIdentifier>{f64a2b1a-4e72-4f97-951f-2b03ffa105b7}</UniqueIdentifier>
    </Filter>
    <Filter Include="Cadena">
      <UniqueIdentifier>{93819a49-ff66-4691-8668-1597b705a02b}</UniqueIdentifier>
    </Filter>
    <Filter Include="Comparador">
      <UniqueIdentifier>{b2112bd7-2f5e-46ff-b0fa-f212e6563992}</UniqueIdentifier>
    </Filter>
    <Filter Include="Hash">
      <UniqueIdentifier>{f8ebf643-652e-43c4-8e3f-f7550ad2fad6}</UniqueIdentifier>
    </Filter>
    <Filter Include="Iterable">
      <UniqueIdentifier>{a6cc42f4-1de5-4a9f-a82f-8e8bacd75ab6}</UniqueIdentifier>
    </Filter>
    <Filter Include="Matriz">
      <UniqueIdentifier>{89755dac-aa36-4480-96f7-634084e9e7f7}</UniqueIdentifier>
    </Filter>
    <Filter Include="MemoryShare">
      <UniqueIdentifier>{2aec802a-a6f7-46b2-aa1b-36286f0cdd0d}</UniqueIdentifier>
    </Filter>
    <Filter Include="Pruebas">
      <UniqueIdentifier>{01847f60-e4df-4732-887a-bf608338f631}</UniqueIdentifier>
    </Filter>
    <Filter Include="Tupla">
      <UniqueIdentifier>{fb4f4b25-8336-427e-9248-604042b82d19}</UniqueIdentifier>
    </Filter>
    <Filter Include="Conversor">
      <UniqueIdentifier>{a9d569d6-dfc1-46ef-8034-cc41c9ad2e24}</UniqueIdentifier>
    </Filter>
    <Filter Include="Funciones">
      <UniqueIdentifier>{c0287e58-77fc-4db5-b47c-0111345c483a}</UniqueIdentifier>
    </Filter>
  </ItemGroup>
  <ItemGroup>
    <ClCompile Include="Array.cpp">
      <Filter>Array</Filter>
    </ClCompile>
    <ClCompile Include="ArrayIteracion.cpp">
      <Filter>Array</Filter>
    </ClCompile>
    <ClCompile Include="Puntero.cpp">
      <Filter>Puntero</Filter>
    </ClCompile>
    <ClCompile Include="Cadena.cpp">
      <Filter>Cadena</Filter>
    </ClCompile>
    <ClCompile Include="Comparador.cpp">
      <Filter>Comparador</Filter>
    </ClCompile>
    <ClCompile Include="CadenaFuncionHash.cpp">
      <Filter>Hash</Filter>
    </ClCompile>
    <ClCompile Include="ConcatIteracion.cpp">
      <Filter>Iterable</Filter>
    </ClCompile>
    <ClCompile Include="ConvertIteracion.cpp">
      <Filter>Iterable</Filter>
    </ClCompile>
    <ClCompile Include="Iterador.cpp">
      <Filter>Iterable</Filter>
    </ClCompile>
    <ClCompile Include="Matriz.cpp">
      <Filter>Matriz</Filter>
    </ClCompile>
    <ClCompile Include="MatrizIteracion.cpp">
      <Filter>Matriz</Filter>
    </ClCompile>
    <ClCompile Include="MemoryShare.cpp">
      <Filter>MemoryShare</Filter>
    </ClCompile>
    <ClCompile Include="ConductorPrueba.cpp">
      <Filter>Pruebas</Filter>
    </ClCompile>
    <ClCompile Include="EstadisticaPrueba.cpp">
      <Filter>Pruebas</Filter>
    </ClCompile>
    <ClCompile Include="ManejadorImpresion.cpp">
      <Filter>Pruebas</Filter>
    </ClCompile>
    <ClCompile Include="ManejadorImpresionTxt.cpp">
      <Filter>Pruebas</Filter>
    </ClCompile>
    <ClCompile Include="ManejadorImpresionXml.cpp">
      <Filter>Pruebas</Filter>
    </ClCompile>
    <ClCompile Include="Prueba.cpp">
      <Filter>Pruebas</Filter>
    </ClCompile>
    <ClCompile Include="PruebaMemoria.cpp">
      <Filter>Pruebas</Filter>
    </ClCompile>
    <ClCompile Include="Tupla.cpp">
      <Filter>Tupla</Filter>
    </ClCompile>
  </ItemGroup>
  <ItemGroup>
    <ClInclude Include="Array.h">
      <Filter>Array</Filter>
    </ClInclude>
    <ClInclude Include="ArrayIteracion.h">
      <Filter>Array</Filter>
    </ClInclude>
    <ClInclude Include="Puntero.h">
      <Filter>Puntero</Filter>
    </ClInclude>
    <ClInclude Include="Cadena.h">
      <Filter>Cadena</Filter>
    </ClInclude>
    <ClInclude Include="Comparador.h">
      <Filter>Comparador</Filter>
    </ClInclude>
    <ClInclude Include="CadenaFuncionHash.h">
      <Filter>Hash</Filter>
    </ClInclude>
    <ClInclude Include="FuncionHash.h">
      <Filter>Hash</Filter>
    </ClInclude>
    <ClInclude Include="IntFuncionHash.h">
      <Filter>Hash</Filter>
    </ClInclude>
    <ClInclude Include="LongFuncionHash.h">
      <Filter>Hash</Filter>
    </ClInclude>
    <ClInclude Include="NaturalFuncionHash.h">
      <Filter>Hash</Filter>
    </ClInclude>
    <ClInclude Include="ConcatIteracion.h">
      <Filter>Iterable</Filter>
    </ClInclude>
    <ClInclude Include="ConvertIteracion.h">
      <Filter>Iterable</Filter>
    </ClInclude>
    <ClInclude Include="Iterable.h">
      <Filter>Iterable</Filter>
    </ClInclude>
    <ClInclude Include="Iteracion.h">
      <Filter>Iterable</Filter>
    </ClInclude>
    <ClInclude Include="Iterador.h">
      <Filter>Iterable</Filter>
    </ClInclude>
    <ClInclude Include="Matriz.h">
      <Filter>Matriz</Filter>
    </ClInclude>
    <ClInclude Include="MatrizIteracion.h">
      <Filter>Matriz</Filter>
    </ClInclude>
    <ClInclude Include="MemoryShare.h">
      <Filter>MemoryShare</Filter>
    </ClInclude>
    <ClInclude Include="ConductorPrueba.h">
      <Filter>Pruebas</Filter>
    </ClInclude>
    <ClInclude Include="EstadisticaPrueba.h">
      <Filter>Pruebas</Filter>
    </ClInclude>
    <ClInclude Include="ManejadorImpresion.h">
      <Filter>Pruebas</Filter>
    </ClInclude>
    <ClInclude Include="ManejadorImpresionTxt.h">
      <Filter>Pruebas</Filter>
    </ClInclude>
    <ClInclude Include="ManejadorImpresionXml.h">
      <Filter>Pruebas</Filter>
    </ClInclude>
    <ClInclude Include="Prueba.h">
      <Filter>Pruebas</Filter>
    </ClInclude>
    <ClInclude Include="PruebaMemoria.h">
      <Filter>Pruebas</Filter>
    </ClInclude>
    <ClInclude Include="TipoRetorno.h">
      <Filter>Pruebas</Filter>
    </ClInclude>
    <ClInclude Include="Tupla.h">
      <Filter>Tupla</Filter>
    </ClInclude>
    <ClInclude Include="Conversor.h">
      <Filter>Conversor</Filter>
    </ClInclude>
    <ClInclude Include="ConversorCast.h">
      <Filter>Conversor</Filter>
    </ClInclude>
    <ClInclude Include="ConversorIterableIterador.h">
      <Filter>Conversor</Filter>
    </ClInclude>
    <ClInclude Include="ConversorTuplaDato1.h">
      <Filter>Conversor</Filter>
    </ClInclude>
    <ClInclude Include="ConversorTuplaDato2.h">
      <Filter>Conversor</Filter>
    </ClInclude>
    <ClInclude Include="ConversorTuplaDato3.h">
      <Filter>Conversor</Filter>
    </ClInclude>
    <ClInclude Include="ConversorTuplaDato4.h">
      <Filter>Conversor</Filter>
    </ClInclude>
    <ClInclude Include="Funcion.h">
      <Filter>Funciones</Filter>
    </ClInclude>
  </ItemGroup>
</Project>