Microsoft Visual Studio Solution File, Format Version 10.00
# Visual Studio 2008
Project("{8BC9CEB8-8B4A-11D0-8D11-00A0C91BC942}") = "Documentacion", "Documentacion.vcproj", "{46A96BC4-8635-4534-8953-7BCD73268055}"
EndProject
Project("{8BC9CEB8-8B4A-11D0-8D11-00A0C91BC942}") = "Framework", "..\Framework\Framework.vcproj", "{BFEBC764-E943-4265-A9D5-85AFDBE712E7}"
EndProject
Global
	GlobalSection(SolutionConfigurationPlatforms) = preSolution
		Debug|Win32 = Debug|Win32
		Release|Win32 = Release|Win32
	EndGlobalSection
	GlobalSection(ProjectConfigurationPlatforms) = postSolution
		{46A96BC4-8635-4534-8953-7BCD73268055}.Debug|Win32.ActiveCfg = Debug|Win32
		{46A96BC4-8635-4534-8953-7BCD73268055}.Debug|Win32.Build.0 = Debug|Win32
		{46A96BC4-8635-4534-8953-7BCD73268055}.Release|Win32.ActiveCfg = Release|Win32
		{46A96BC4-8635-4534-8953-7BCD73268055}.Release|Win32.Build.0 = Release|Win32
		{BFEBC764-E943-4265-A9D5-85AFDBE712E7}.Debug|Win32.ActiveCfg = Debug|Win32
		{BFEBC764-E943-4265-A9D5-85AFDBE712E7}.Debug|Win32.Build.0 = Debug|Win32
		{BFEBC764-E943-4265-A9D5-85AFDBE712E7}.Release|Win32.ActiveCfg = Release|Win32
		{BFEBC764-E943-4265-A9D5-85AFDBE712E7}.Release|Win32.Build.0 = Release|Win32
	EndGlobalSection
	GlobalSection(SolutionProperties) = preSolution
		HideSolutionNode = FALSE
	EndGlobalSection
EndGlobal
